// !$*UTF8*$!
{
	archiveVersion = 1;
	classes = {
	};
	objectVersion = 50;
	objects = {

/* Begin PBXBuildFile section */
		8DF747D8225DBB14004F455A /* main.swift in Sources */ = {isa = PBXBuildFile; fileRef = 8DF747D7225DBB14004F455A /* main.swift */; };
/* End PBXBuildFile section */

/* Begin PBXCopyFilesBuildPhase section */
		8DF747D2225DBB14004F455A /* CopyFiles */ = {
			isa = PBXCopyFilesBuildPhase;
			buildActionMask = 2147483647;
			dstPath = /usr/share/man/man1/;
			dstSubfolderSpec = 0;
			files = (
			);
			runOnlyForDeploymentPostprocessing = 1;
		};
/* End PBXCopyFilesBuildPhase section */

/* Begin PBXFileReference section */
		8DF747D4225DBB14004F455A /* HackerRank */ = {isa = PBXFileReference; explicitFileType = "compiled.mach-o.executable"; includeInIndex = 0; path = HackerRank; sourceTree = BUILT_PRODUCTS_DIR; };
		8DF747D7225DBB14004F455A /* main.swift */ = {isa = PBXFileReference; lastKnownFileType = sourcecode.swift; path = main.swift; sourceTree = "<group>"; };
		8DF747E1225DBC18004F455A /* Day 0- Hello, World..playground */ = {isa = PBXFileReference; lastKnownFileType = file.playground; path = "Day 0- Hello, World..playground"; sourceTree = "<group>"; xcLanguageSpecificationIdentifier = xcode.lang.swift; };
		8DF747E3225DBD43004F455A /* Day 1- Data Types.playground */ = {isa = PBXFileReference; lastKnownFileType = file.playground; path = "Day 1- Data Types.playground"; sourceTree = "<group>"; xcLanguageSpecificationIdentifier = xcode.lang.swift; };
		8DF747E4225DBD9A004F455A /* Day 2- Operators.playground */ = {isa = PBXFileReference; lastKnownFileType = file.playground; path = "Day 2- Operators.playground"; sourceTree = "<group>"; xcLanguageSpecificationIdentifier = xcode.lang.swift; };
		8DF747E5225DC183004F455A /* Day 3- Intro to Conditional Statements.playground */ = {isa = PBXFileReference; lastKnownFileType = file.playground; path = "Day 3- Intro to Conditional Statements.playground"; sourceTree = "<group>"; xcLanguageSpecificationIdentifier = xcode.lang.swift; };
		8DF747E8225DC1E6004F455A /* Sock Merchant.playground */ = {isa = PBXFileReference; lastKnownFileType = file.playground; path = "Sock Merchant.playground"; sourceTree = "<group>"; xcLanguageSpecificationIdentifier = xcode.lang.swift; };
		8DF747EA22605C7E004F455A /* Plus Minus.playground */ = {isa = PBXFileReference; lastKnownFileType = file.playground; path = "Plus Minus.playground"; sourceTree = "<group>"; xcLanguageSpecificationIdentifier = xcode.lang.swift; };
		8DF747EB22605CBE004F455A /* Staircase.playground */ = {isa = PBXFileReference; lastKnownFileType = file.playground; path = Staircase.playground; sourceTree = "<group>"; xcLanguageSpecificationIdentifier = xcode.lang.swift; };
/* End PBXFileReference section */

/* Begin PBXFrameworksBuildPhase section */
		8DF747D1225DBB14004F455A /* Frameworks */ = {
			isa = PBXFrameworksBuildPhase;
			buildActionMask = 2147483647;
			files = (
			);
			runOnlyForDeploymentPostprocessing = 0;
		};
/* End PBXFrameworksBuildPhase section */

/* Begin PBXGroup section */
		8DF747CB225DBB14004F455A = {
			isa = PBXGroup;
			children = (
				8DF747D6225DBB14004F455A /* HackerRank */,
				8DF747D5225DBB14004F455A /* Products */,
			);
			sourceTree = "<group>";
		};
		8DF747D5225DBB14004F455A /* Products */ = {
			isa = PBXGroup;
			children = (
				8DF747D4225DBB14004F455A /* HackerRank */,
			);
			name = Products;
			sourceTree = "<group>";
		};
		8DF747D6225DBB14004F455A /* HackerRank */ = {
			isa = PBXGroup;
			children = (
				8DF747E9225DC217004F455A /* Problem Solving */,
				8DF747E6225DC1C0004F455A /* Interview Preparation Kit */,
				8DF747DE225DBB7B004F455A /* 30 Days of Code */,
				8DF747D7225DBB14004F455A /* main.swift */,
			);
			path = HackerRank;
			sourceTree = "<group>";
		};
		8DF747DE225DBB7B004F455A /* 30 Days of Code */ = {
			isa = PBXGroup;
			children = (
				8DF747E1225DBC18004F455A /* Day 0- Hello, World..playground */,
				8DF747E3225DBD43004F455A /* Day 1- Data Types.playground */,
				8DF747E4225DBD9A004F455A /* Day 2- Operators.playground */,
				8DF747E5225DC183004F455A /* Day 3- Intro to Conditional Statements.playground */,
			);
			path = "30 Days of Code";
			sourceTree = "<group>";
		};
		8DF747E6225DC1C0004F455A /* Interview Preparation Kit */ = {
			isa = PBXGroup;
			children = (
				8DF747E7225DC1CE004F455A /* Warm-up Challenges */,
			);
			path = "Interview Preparation Kit";
			sourceTree = "<group>";
		};
		8DF747E7225DC1CE004F455A /* Warm-up Challenges */ = {
			isa = PBXGroup;
			children = (
				8DF747E8225DC1E6004F455A /* Sock Merchant.playground */,
			);
			path = "Warm-up Challenges";
			sourceTree = "<group>";
		};
		8DF747E9225DC217004F455A /* Problem Solving */ = {
			isa = PBXGroup;
			children = (
				8DF747EA22605C7E004F455A /* Plus Minus.playground */,
				8DF747EB22605CBE004F455A /* Staircase.playground */,
			);
			path = "Problem Solving";
			sourceTree = "<group>";
		};
/* End PBXGroup section */

/* Begin PBXNativeTarget section */
		8DF747D3225DBB14004F455A /* HackerRank */ = {
			isa = PBXNativeTarget;
			buildConfigurationList = 8DF747DB225DBB14004F455A /* Build configuration list for PBXNativeTarget "HackerRank" */;
			buildPhases = (
				8DF747D0225DBB14004F455A /* Sources */,
				8DF747D1225DBB14004F455A /* Frameworks */,
				8DF747D2225DBB14004F455A /* CopyFiles */,
			);
			buildRules = (
			);
			dependencies = (
			);
			name = HackerRank;
			productName = HackerRank;
			productReference = 8DF747D4225DBB14004F455A /* HackerRank */;
			productType = "com.apple.product-type.tool";
		};
/* End PBXNativeTarget section */

/* Begin PBXProject section */
		8DF747CC225DBB14004F455A /* Project object */ = {
			isa = PBXProject;
			attributes = {
				LastSwiftUpdateCheck = 1020;
				LastUpgradeCheck = 1020;
				ORGANIZATIONNAME = "SeokWoo Lee";
				TargetAttributes = {
					8DF747D3225DBB14004F455A = {
						CreatedOnToolsVersion = 10.2;
					};
				};
			};
			buildConfigurationList = 8DF747CF225DBB14004F455A /* Build configuration list for PBXProject "HackerRank" */;
			compatibilityVersion = "Xcode 9.3";
			developmentRegion = en;
			hasScannedForEncodings = 0;
			knownRegions = (
				en,
			);
			mainGroup = 8DF747CB225DBB14004F455A;
			productRefGroup = 8DF747D5225DBB14004F455A /* Products */;
			projectDirPath = "";
			projectRoot = "";
			targets = (
				8DF747D3225DBB14004F455A /* HackerRank */,
			);
		};
/* End PBXProject section */

/* Begin PBXSourcesBuildPhase section */
		8DF747D0225DBB14004F455A /* Sources */ = {
			isa = PBXSourcesBuildPhase;
			buildActionMask = 2147483647;
			files = (
				8DF747D8225DBB14004F455A /* main.swift in Sources */,
			);
			runOnlyForDeploymentPostprocessing = 0;
		};
/* End PBXSourcesBuildPhase section */

/* Begin XCBuildConfiguration section */
		8DF747D9225DBB14004F455A /* Debug */ = {
			isa = XCBuildConfiguration;
			buildSettings = {
				ALWAYS_SEARCH_USER_PATHS = NO;
				CLANG_ANALYZER_NONNULL = YES;
				CLANG_ANALYZER_NUMBER_OBJECT_CONVERSION = YES_AGGRESSIVE;
				CLANG_CXX_LANGUAGE_STANDARD = "gnu++14";
				CLANG_CXX_LIBRARY = "libc++";
				CLANG_ENABLE_MODULES = YES;
				CLANG_ENABLE_OBJC_ARC = YES;
				CLANG_ENABLE_OBJC_WEAK = YES;
				CLANG_WARN_BLOCK_CAPTURE_AUTORELEASING = YES;
				CLANG_WARN_BOOL_CONVERSION = YES;
				CLANG_WARN_COMMA = YES;
				CLANG_WARN_CONSTANT_CONVERSION = YES;
				CLANG_WARN_DEPRECATED_OBJC_IMPLEMENTATIONS = YES;
				CLANG_WARN_DIRECT_OBJC_ISA_USAGE = YES_ERROR;
				CLANG_WARN_DOCUMENTATION_COMMENTS = YES;
				CLANG_WARN_EMPTY_BODY = YES;
				CLANG_WARN_ENUM_CONVERSION = YES;
				CLANG_WARN_INFINITE_RECURSION = YES;
				CLANG_WARN_INT_CONVERSION = YES;
				CLANG_WARN_NON_LITERAL_NULL_CONVERSION = YES;
				CLANG_WARN_OBJC_IMPLICIT_RETAIN_SELF = YES;
				CLANG_WARN_OBJC_LITERAL_CONVERSION = YES;
				CLANG_WARN_OBJC_ROOT_CLASS = YES_ERROR;
				CLANG_WARN_RANGE_LOOP_ANALYSIS = YES;
				CLANG_WARN_STRICT_PROTOTYPES = YES;
				CLANG_WARN_SUSPICIOUS_MOVE = YES;
				CLANG_WARN_UNGUARDED_AVAILABILITY = YES_AGGRESSIVE;
				CLANG_WARN_UNREACHABLE_CODE = YES;
				CLANG_WARN__DUPLICATE_METHOD_MATCH = YES;
				CODE_SIGN_IDENTITY = "Mac Developer";
				COPY_PHASE_STRIP = NO;
				DEBUG_INFORMATION_FORMAT = dwarf;
				ENABLE_STRICT_OBJC_MSGSEND = YES;
				ENABLE_TESTABILITY = YES;
				GCC_C_LANGUAGE_STANDARD = gnu11;
				GCC_DYNAMIC_NO_PIC = NO;
				GCC_NO_COMMON_BLOCKS = YES;
				GCC_OPTIMIZATION_LEVEL = 0;
				GCC_PREPROCESSOR_DEFINITIONS = (
					"DEBUG=1",
					"$(inherited)",
				);
				GCC_WARN_64_TO_32_BIT_CONVERSION = YES;
				GCC_WARN_ABOUT_RETURN_TYPE = YES_ERROR;
				GCC_WARN_UNDECLARED_SELECTOR = YES;
				GCC_WARN_UNINITIALIZED_AUTOS = YES_AGGRESSIVE;
				GCC_WARN_UNUSED_FUNCTION = YES;
				GCC_WARN_UNUSED_VARIABLE = YES;
				MACOSX_DEPLOYMENT_TARGET = 10.14;
				MTL_ENABLE_DEBUG_INFO = INCLUDE_SOURCE;
				MTL_FAST_MATH = YES;
				ONLY_ACTIVE_ARCH = YES;
				SDKROOT = macosx;
				SWIFT_ACTIVE_COMPILATION_CONDITIONS = DEBUG;
				SWIFT_OPTIMIZATION_LEVEL = "-Onone";
			};
			name = Debug;
		};
		8DF747DA225DBB14004F455A /* Release */ = {
			isa = XCBuildConfiguration;
			buildSettings = {
				ALWAYS_SEARCH_USER_PATHS = NO;
				CLANG_ANALYZER_NONNULL = YES;
				CLANG_ANALYZER_NUMBER_OBJECT_CONVERSION = YES_AGGRESSIVE;
				CLANG_CXX_LANGUAGE_STANDARD = "gnu++14";
				CLANG_CXX_LIBRARY = "libc++";
				CLANG_ENABLE_MODULES = YES;
				CLANG_ENABLE_OBJC_ARC = YES;
				CLANG_ENABLE_OBJC_WEAK = YES;
				CLANG_WARN_BLOCK_CAPTURE_AUTORELEASING = YES;
				CLANG_WARN_BOOL_CONVERSION = YES;
				CLANG_WARN_COMMA = YES;
				CLANG_WARN_CONSTANT_CONVERSION = YES;
				CLANG_WARN_DEPRECATED_OBJC_IMPLEMENTATIONS = YES;
				CLANG_WARN_DIRECT_OBJC_ISA_USAGE = YES_ERROR;
				CLANG_WARN_DOCUMENTATION_COMMENTS = YES;
				CLANG_WARN_EMPTY_BODY = YES;
				CLANG_WARN_ENUM_CONVERSION = YES;
				CLANG_WARN_INFINITE_RECURSION = YES;
				CLANG_WARN_INT_CONVERSION = YES;
				CLANG_WARN_NON_LITERAL_NULL_CONVERSION = YES;
				CLANG_WARN_OBJC_IMPLICIT_RETAIN_SELF = YES;
				CLANG_WARN_OBJC_LITERAL_CONVERSION = YES;
				CLANG_WARN_OBJC_ROOT_CLASS = YES_ERROR;
				CLANG_WARN_RANGE_LOOP_ANALYSIS = YES;
				CLANG_WARN_STRICT_PROTOTYPES = YES;
				CLANG_WARN_SUSPICIOUS_MOVE = YES;
				CLANG_WARN_UNGUARDED_AVAILABILITY = YES_AGGRESSIVE;
				CLANG_WARN_UNREACHABLE_CODE = YES;
				CLANG_WARN__DUPLICATE_METHOD_MATCH = YES;
				CODE_SIGN_IDENTITY = "Mac Developer";
				COPY_PHASE_STRIP = NO;
				DEBUG_INFORMATION_FORMAT = "dwarf-with-dsym";
				ENABLE_NS_ASSERTIONS = NO;
				ENABLE_STRICT_OBJC_MSGSEND = YES;
				GCC_C_LANGUAGE_STANDARD = gnu11;
				GCC_NO_COMMON_BLOCKS = YES;
				GCC_WARN_64_TO_32_BIT_CONVERSION = YES;
				GCC_WARN_ABOUT_RETURN_TYPE = YES_ERROR;
				GCC_WARN_UNDECLARED_SELECTOR = YES;
				GCC_WARN_UNINITIALIZED_AUTOS = YES_AGGRESSIVE;
				GCC_WARN_UNUSED_FUNCTION = YES;
				GCC_WARN_UNUSED_VARIABLE = YES;
				MACOSX_DEPLOYMENT_TARGET = 10.14;
				MTL_ENABLE_DEBUG_INFO = NO;
				MTL_FAST_MATH = YES;
				SDKROOT = macosx;
				SWIFT_COMPILATION_MODE = wholemodule;
				SWIFT_OPTIMIZATION_LEVEL = "-O";
			};
			name = Release;
		};
		8DF747DC225DBB14004F455A /* Debug */ = {
			isa = XCBuildConfiguration;
			buildSettings = {
				CODE_SIGN_STYLE = Automatic;
				DEVELOPMENT_TEAM = SUZFY35983;
				PRODUCT_NAME = "$(TARGET_NAME)";
				SWIFT_VERSION = 5.0;
			};
			name = Debug;
		};
		8DF747DD225DBB14004F455A /* Release */ = {
			isa = XCBuildConfiguration;
			buildSettings = {
				CODE_SIGN_STYLE = Automatic;
				DEVELOPMENT_TEAM = SUZFY35983;
				PRODUCT_NAME = "$(TARGET_NAME)";
				SWIFT_VERSION = 5.0;
			};
			name = Release;
		};
/* End XCBuildConfiguration section */

/* Begin XCConfigurationList section */
		8DF747CF225DBB14004F455A /* Build configuration list for PBXProject "HackerRank" */ = {
			isa = XCConfigurationList;
			buildConfigurations = (
				8DF747D9225DBB14004F455A /* Debug */,
				8DF747DA225DBB14004F455A /* Release */,
			);
			defaultConfigurationIsVisible = 0;
			defaultConfigurationName = Release;
		};
		8DF747DB225DBB14004F455A /* Build configuration list for PBXNativeTarget "HackerRank" */ = {
			isa = XCConfigurationList;
			buildConfigurations = (
				8DF747DC225DBB14004F455A /* Debug */,
				8DF747DD225DBB14004F455A /* Release */,
			);
			defaultConfigurationIsVisible = 0;
			defaultConfigurationName = Release;
		};
/* End XCConfigurationList section */
	};
	rootObject = 8DF747CC225DBB14004F455A /* Project object */;
}
