// !$*UTF8*$!
{
	archiveVersion = 1;
	classes = {
	};
	objectVersion = 50;
	objects = {

/* Begin PBXBuildFile section */
		3388133A229F6211002E7A1F /* Day 27: Testing.cpp in Sources */ = {isa = PBXBuildFile; fileRef = 33881339229F6211002E7A1F /* Day 27: Testing.cpp */; };
		3393B1F722A0AD6E00225FA5 /* "Hello World!" in C.c in Sources */ = {isa = PBXBuildFile; fileRef = 3393B1F622A0AD6E00225FA5 /* "Hello World!" in C.c */; };
		8DB07A6B2262040C00179156 /* Math.swift in Sources */ = {isa = PBXBuildFile; fileRef = 8DB07A6A2262040C00179156 /* Math.swift */; };
		8DB07A7A226A248E00179156 /* Day 13: Abstract Classes.cpp in Sources */ = {isa = PBXBuildFile; fileRef = 8DB07A78226A248E00179156 /* Day 13: Abstract Classes.cpp */; };
		8DF747D8225DBB14004F455A /* main.swift in Sources */ = {isa = PBXBuildFile; fileRef = 8DF747D7225DBB14004F455A /* main.swift */; };
		8DF8EEB32270B98A002E2FF8 /* Day 19: Interfaces.cpp in Sources */ = {isa = PBXBuildFile; fileRef = 8DF8EEB22270B98A002E2FF8 /* Day 19: Interfaces.cpp */; };
/* End PBXBuildFile section */

/* Begin PBXCopyFilesBuildPhase section */
		8DF747D2225DBB14004F455A /* CopyFiles */ = {
			isa = PBXCopyFilesBuildPhase;
			buildActionMask = 2147483647;
			dstPath = /usr/share/man/man1/;
			dstSubfolderSpec = 0;
			files = (
			);
			runOnlyForDeploymentPostprocessing = 1;
		};
/* End PBXCopyFilesBuildPhase section */

/* Begin PBXFileReference section */
		3319CE8B228E39B300A439E4 /* Day 25- Running Time and Complexity.playground */ = {isa = PBXFileReference; lastKnownFileType = file.playground; path = "Day 25- Running Time and Complexity.playground"; sourceTree = "<group>"; xcLanguageSpecificationIdentifier = xcode.lang.swift; };
		3319CEAA228EB51600A439E4 /* Day 26- Nested Logic.playground */ = {isa = PBXFileReference; lastKnownFileType = file.playground; path = "Day 26- Nested Logic.playground"; sourceTree = "<group>"; xcLanguageSpecificationIdentifier = xcode.lang.swift; };
		331D5FF1226FF2E2007E7747 /* Day 16- Exceptions - String to Integer.playground */ = {isa = PBXFileReference; lastKnownFileType = file.playground; path = "Day 16- Exceptions - String to Integer.playground"; sourceTree = "<group>"; xcLanguageSpecificationIdentifier = xcode.lang.swift; };
		331D5FF2226FF362007E7747 /* Day 17- More Exceptions.playground */ = {isa = PBXFileReference; lastKnownFileType = file.playground; path = "Day 17- More Exceptions.playground"; sourceTree = "<group>"; xcLanguageSpecificationIdentifier = xcode.lang.swift; };
		331D5FF3226FF41C007E7747 /* Day 18- Queues and Stacks.playground */ = {isa = PBXFileReference; lastKnownFileType = file.playground; path = "Day 18- Queues and Stacks.playground"; sourceTree = "<group>"; xcLanguageSpecificationIdentifier = xcode.lang.swift; };
		3367346E2266BD2C00AAB8B2 /* Day 12- Inheritance.playground */ = {isa = PBXFileReference; lastKnownFileType = file.playground; path = "Day 12- Inheritance.playground"; sourceTree = "<group>"; xcLanguageSpecificationIdentifier = xcode.lang.swift; };
		33832AFA226D7DB2000F6952 /* Day 14- Scope.playground */ = {isa = PBXFileReference; lastKnownFileType = file.playground; path = "Day 14- Scope.playground"; sourceTree = "<group>"; xcLanguageSpecificationIdentifier = xcode.lang.swift; };
		33832AFB226D7EDF000F6952 /* Day 15- Linked List.playground */ = {isa = PBXFileReference; lastKnownFileType = file.playground; path = "Day 15- Linked List.playground"; sourceTree = "<group>"; xcLanguageSpecificationIdentifier = xcode.lang.swift; };
		33881339229F6211002E7A1F /* Day 27: Testing.cpp */ = {isa = PBXFileReference; lastKnownFileType = sourcecode.cpp.cpp; path = "Day 27: Testing.cpp"; sourceTree = "<group>"; };
		3393B1F322A0A48800225FA5 /* Divisible Sum Pairs.playground */ = {isa = PBXFileReference; lastKnownFileType = file.playground; path = "Divisible Sum Pairs.playground"; sourceTree = "<group>"; xcLanguageSpecificationIdentifier = xcode.lang.swift; };
		3393B1F622A0AD6E00225FA5 /* "Hello World!" in C.c */ = {isa = PBXFileReference; lastKnownFileType = sourcecode.c.c; path = "\"Hello World!\" in C.c"; sourceTree = "<group>"; };
		33B8159D226727310047C820 /* Drawing Book.playground */ = {isa = PBXFileReference; lastKnownFileType = file.playground; path = "Drawing Book.playground"; sourceTree = "<group>"; xcLanguageSpecificationIdentifier = xcode.lang.swift; };
		33C5CCC7227548D1009AB346 /* Day 22- Binary Search Trees.playground */ = {isa = PBXFileReference; lastKnownFileType = file.playground; path = "Day 22- Binary Search Trees.playground"; sourceTree = "<group>"; xcLanguageSpecificationIdentifier = xcode.lang.swift; };
		33C5CCC822756471009AB346 /* Day 23- BST Level-Order Traversal.playground */ = {isa = PBXFileReference; lastKnownFileType = file.playground; path = "Day 23- BST Level-Order Traversal.playground"; sourceTree = "<group>"; xcLanguageSpecificationIdentifier = xcode.lang.swift; };
		33C754E5228B9E8800CBF1B6 /* Day 24- More Linked Lists  .playground */ = {isa = PBXFileReference; lastKnownFileType = file.playground; path = "Day 24- More Linked Lists  .playground"; sourceTree = "<group>"; xcLanguageSpecificationIdentifier = xcode.lang.swift; };
		8DB07A612261A58000179156 /* Day 11- 2D Arrays.playground */ = {isa = PBXFileReference; lastKnownFileType = file.playground; path = "Day 11- 2D Arrays.playground"; sourceTree = "<group>"; xcLanguageSpecificationIdentifier = xcode.lang.swift; };
		8DB07A622261AAEC00179156 /* Grading Students.playground */ = {isa = PBXFileReference; lastKnownFileType = file.playground; path = "Grading Students.playground"; sourceTree = "<group>"; xcLanguageSpecificationIdentifier = xcode.lang.swift; };
		8DB07A632261AD9D00179156 /* Apple and Orange.playground */ = {isa = PBXFileReference; lastKnownFileType = file.playground; path = "Apple and Orange.playground"; sourceTree = "<group>"; xcLanguageSpecificationIdentifier = xcode.lang.swift; };
		8DB07A642261AF1100179156 /* Kangaroo.playground */ = {isa = PBXFileReference; lastKnownFileType = file.playground; path = Kangaroo.playground; sourceTree = "<group>"; xcLanguageSpecificationIdentifier = xcode.lang.swift; };
		8DB07A652261C7F200179156 /* Between Two Sets.playground */ = {isa = PBXFileReference; lastKnownFileType = file.playground; path = "Between Two Sets.playground"; sourceTree = "<group>"; xcLanguageSpecificationIdentifier = xcode.lang.swift; };
		8DB07A6A2262040C00179156 /* Math.swift */ = {isa = PBXFileReference; lastKnownFileType = sourcecode.swift; path = Math.swift; sourceTree = "<group>"; };
		8DB07A78226A248E00179156 /* Day 13: Abstract Classes.cpp */ = {isa = PBXFileReference; lastKnownFileType = sourcecode.cpp.cpp; path = "Day 13: Abstract Classes.cpp"; sourceTree = "<group>"; };
		8DF747D4225DBB14004F455A /* HackerRank */ = {isa = PBXFileReference; explicitFileType = "compiled.mach-o.executable"; includeInIndex = 0; path = HackerRank; sourceTree = BUILT_PRODUCTS_DIR; };
		8DF747D7225DBB14004F455A /* main.swift */ = {isa = PBXFileReference; lastKnownFileType = sourcecode.swift; path = main.swift; sourceTree = "<group>"; };
		8DF747E1225DBC18004F455A /* Day 0- Hello, World..playground */ = {isa = PBXFileReference; lastKnownFileType = file.playground; path = "Day 0- Hello, World..playground"; sourceTree = "<group>"; xcLanguageSpecificationIdentifier = xcode.lang.swift; };
		8DF747E3225DBD43004F455A /* Day 1- Data Types.playground */ = {isa = PBXFileReference; lastKnownFileType = file.playground; path = "Day 1- Data Types.playground"; sourceTree = "<group>"; xcLanguageSpecificationIdentifier = xcode.lang.swift; };
		8DF747E4225DBD9A004F455A /* Day 2- Operators.playground */ = {isa = PBXFileReference; lastKnownFileType = file.playground; path = "Day 2- Operators.playground"; sourceTree = "<group>"; xcLanguageSpecificationIdentifier = xcode.lang.swift; };
		8DF747E5225DC183004F455A /* Day 3- Intro to Conditional Statements.playground */ = {isa = PBXFileReference; lastKnownFileType = file.playground; path = "Day 3- Intro to Conditional Statements.playground"; sourceTree = "<group>"; xcLanguageSpecificationIdentifier = xcode.lang.swift; };
		8DF747E8225DC1E6004F455A /* Sock Merchant.playground */ = {isa = PBXFileReference; lastKnownFileType = file.playground; path = "Sock Merchant.playground"; sourceTree = "<group>"; xcLanguageSpecificationIdentifier = xcode.lang.swift; };
		8DF747EA22605C7E004F455A /* Plus Minus.playground */ = {isa = PBXFileReference; lastKnownFileType = file.playground; path = "Plus Minus.playground"; sourceTree = "<group>"; xcLanguageSpecificationIdentifier = xcode.lang.swift; };
		8DF747EB22605CBE004F455A /* Staircase.playground */ = {isa = PBXFileReference; lastKnownFileType = file.playground; path = Staircase.playground; sourceTree = "<group>"; xcLanguageSpecificationIdentifier = xcode.lang.swift; };
		8DF747EC22605CF3004F455A /* Mini-Max Sum.playground */ = {isa = PBXFileReference; lastKnownFileType = file.playground; path = "Mini-Max Sum.playground"; sourceTree = "<group>"; xcLanguageSpecificationIdentifier = xcode.lang.swift; };
		8DF747ED22605D2A004F455A /* Birthday Cake Candles.playground */ = {isa = PBXFileReference; lastKnownFileType = file.playground; path = "Birthday Cake Candles.playground"; sourceTree = "<group>"; xcLanguageSpecificationIdentifier = xcode.lang.swift; };
		8DF747EE22605DB0004F455A /* Day 4- Class vs. Instance.playground */ = {isa = PBXFileReference; lastKnownFileType = file.playground; path = "Day 4- Class vs. Instance.playground"; sourceTree = "<group>"; xcLanguageSpecificationIdentifier = xcode.lang.swift; };
		8DF747EF22605F48004F455A /* Day 5- Loops.playground */ = {isa = PBXFileReference; lastKnownFileType = file.playground; path = "Day 5- Loops.playground"; sourceTree = "<group>"; xcLanguageSpecificationIdentifier = xcode.lang.swift; };
		8DF747F022605FD1004F455A /* Day 6- Let's Review.playground */ = {isa = PBXFileReference; lastKnownFileType = file.playground; path = "Day 6- Let's Review.playground"; sourceTree = "<group>"; xcLanguageSpecificationIdentifier = xcode.lang.swift; };
		8DF747F12260633C004F455A /* Day 7- Arrays.playground */ = {isa = PBXFileReference; lastKnownFileType = file.playground; path = "Day 7- Arrays.playground"; sourceTree = "<group>"; xcLanguageSpecificationIdentifier = xcode.lang.swift; };
		8DF747F2226088D4004F455A /* Day 8- Dictionaries and Maps.playground */ = {isa = PBXFileReference; lastKnownFileType = file.playground; path = "Day 8- Dictionaries and Maps.playground"; sourceTree = "<group>"; xcLanguageSpecificationIdentifier = xcode.lang.swift; };
		8DF747F322608CA0004F455A /* Day 9- Recursion 3.playground */ = {isa = PBXFileReference; lastKnownFileType = file.playground; path = "Day 9- Recursion 3.playground"; sourceTree = "<group>"; xcLanguageSpecificationIdentifier = xcode.lang.swift; };
		8DF747F422609ADB004F455A /* Day 10- Binary Numbers.playground */ = {isa = PBXFileReference; lastKnownFileType = file.playground; path = "Day 10- Binary Numbers.playground"; sourceTree = "<group>"; xcLanguageSpecificationIdentifier = xcode.lang.swift; };
		8DF747F522609D69004F455A /* Time Conversion.playground */ = {isa = PBXFileReference; lastKnownFileType = file.playground; path = "Time Conversion.playground"; sourceTree = "<group>"; xcLanguageSpecificationIdentifier = xcode.lang.swift; };
		8DF8EEB22270B98A002E2FF8 /* Day 19: Interfaces.cpp */ = {isa = PBXFileReference; lastKnownFileType = sourcecode.cpp.cpp; path = "Day 19: Interfaces.cpp"; sourceTree = "<group>"; };
		8DF8EEB42270BAF5002E2FF8 /* Day 20- Sorting.playground */ = {isa = PBXFileReference; lastKnownFileType = file.playground; path = "Day 20- Sorting.playground"; sourceTree = "<group>"; xcLanguageSpecificationIdentifier = xcode.lang.swift; };
		8DF8EEB52270BCFE002E2FF8 /* Day 21- Generics.playground */ = {isa = PBXFileReference; lastKnownFileType = file.playground; path = "Day 21- Generics.playground"; sourceTree = "<group>"; xcLanguageSpecificationIdentifier = xcode.lang.swift; };
		CE4A1E302293AA2B00DFCF33 /* Breaking the Records.playground */ = {isa = PBXFileReference; lastKnownFileType = file.playground; path = "Breaking the Records.playground"; sourceTree = "<group>"; xcLanguageSpecificationIdentifier = xcode.lang.swift; };
		CE4A1E312293ACAC00DFCF33 /* Birthday Chocolate.playground */ = {isa = PBXFileReference; lastKnownFileType = file.playground; path = "Birthday Chocolate.playground"; sourceTree = "<group>"; xcLanguageSpecificationIdentifier = xcode.lang.swift; };
/* End PBXFileReference section */

/* Begin PBXFrameworksBuildPhase section */
		8DF747D1225DBB14004F455A /* Frameworks */ = {
			isa = PBXFrameworksBuildPhase;
			buildActionMask = 2147483647;
			files = (
			);
			runOnlyForDeploymentPostprocessing = 0;
		};
/* End PBXFrameworksBuildPhase section */

/* Begin PBXGroup section */
		3393B1F522A0AD5300225FA5 /* C */ = {
			isa = PBXGroup;
			children = (
				3393B1F622A0AD6E00225FA5 /* "Hello World!" in C.c */,
			);
			path = C;
			sourceTree = "<group>";
		};
		8DB07A69226203FE00179156 /* Convenience */ = {
			isa = PBXGroup;
			children = (
				8DB07A6A2262040C00179156 /* Math.swift */,
			);
			path = Convenience;
			sourceTree = "<group>";
		};
		8DF747CB225DBB14004F455A = {
			isa = PBXGroup;
			children = (
				8DF747D6225DBB14004F455A /* HackerRank */,
				8DF747D5225DBB14004F455A /* Products */,
			);
			sourceTree = "<group>";
		};
		8DF747D5225DBB14004F455A /* Products */ = {
			isa = PBXGroup;
			children = (
				8DF747D4225DBB14004F455A /* HackerRank */,
			);
			name = Products;
			sourceTree = "<group>";
		};
		8DF747D6225DBB14004F455A /* HackerRank */ = {
			isa = PBXGroup;
			children = (
				3393B1F522A0AD5300225FA5 /* C */,
				8DB07A69226203FE00179156 /* Convenience */,
				8DF747E9225DC217004F455A /* Problem Solving */,
				8DF747E6225DC1C0004F455A /* Interview Preparation Kit */,
				8DF747DE225DBB7B004F455A /* 30 Days of Code */,
				8DF747D7225DBB14004F455A /* main.swift */,
			);
			path = HackerRank;
			sourceTree = "<group>";
		};
		8DF747DE225DBB7B004F455A /* 30 Days of Code */ = {
			isa = PBXGroup;
			children = (
				8DF747E1225DBC18004F455A /* Day 0- Hello, World..playground */,
				8DF747E3225DBD43004F455A /* Day 1- Data Types.playground */,
				8DF747E4225DBD9A004F455A /* Day 2- Operators.playground */,
				8DF747E5225DC183004F455A /* Day 3- Intro to Conditional Statements.playground */,
				8DF747EE22605DB0004F455A /* Day 4- Class vs. Instance.playground */,
				8DF747EF22605F48004F455A /* Day 5- Loops.playground */,
				8DF747F022605FD1004F455A /* Day 6- Let's Review.playground */,
				8DF747F12260633C004F455A /* Day 7- Arrays.playground */,
				8DF747F2226088D4004F455A /* Day 8- Dictionaries and Maps.playground */,
				8DF747F322608CA0004F455A /* Day 9- Recursion 3.playground */,
				8DF747F422609ADB004F455A /* Day 10- Binary Numbers.playground */,
				8DB07A612261A58000179156 /* Day 11- 2D Arrays.playground */,
				3367346E2266BD2C00AAB8B2 /* Day 12- Inheritance.playground */,
				8DB07A78226A248E00179156 /* Day 13: Abstract Classes.cpp */,
				33832AFA226D7DB2000F6952 /* Day 14- Scope.playground */,
				33832AFB226D7EDF000F6952 /* Day 15- Linked List.playground */,
				331D5FF1226FF2E2007E7747 /* Day 16- Exceptions - String to Integer.playground */,
				331D5FF2226FF362007E7747 /* Day 17- More Exceptions.playground */,
				331D5FF3226FF41C007E7747 /* Day 18- Queues and Stacks.playground */,
				8DF8EEB22270B98A002E2FF8 /* Day 19: Interfaces.cpp */,
				8DF8EEB42270BAF5002E2FF8 /* Day 20- Sorting.playground */,
				8DF8EEB52270BCFE002E2FF8 /* Day 21- Generics.playground */,
				33C5CCC7227548D1009AB346 /* Day 22- Binary Search Trees.playground */,
				33C5CCC822756471009AB346 /* Day 23- BST Level-Order Traversal.playground */,
				33C754E5228B9E8800CBF1B6 /* Day 24- More Linked Lists  .playground */,
				3319CE8B228E39B300A439E4 /* Day 25- Running Time and Complexity.playground */,
				3319CEAA228EB51600A439E4 /* Day 26- Nested Logic.playground */,
				33881339229F6211002E7A1F /* Day 27: Testing.cpp */,
			);
			path = "30 Days of Code";
			sourceTree = "<group>";
		};
		8DF747E6225DC1C0004F455A /* Interview Preparation Kit */ = {
			isa = PBXGroup;
			children = (
				8DF747E7225DC1CE004F455A /* Warm-up Challenges */,
			);
			path = "Interview Preparation Kit";
			sourceTree = "<group>";
		};
		8DF747E7225DC1CE004F455A /* Warm-up Challenges */ = {
			isa = PBXGroup;
			children = (
				8DF747E8225DC1E6004F455A /* Sock Merchant.playground */,
			);
			path = "Warm-up Challenges";
			sourceTree = "<group>";
		};
		8DF747E9225DC217004F455A /* Problem Solving */ = {
			isa = PBXGroup;
			children = (
				8DF747EA22605C7E004F455A /* Plus Minus.playground */,
				8DF747EB22605CBE004F455A /* Staircase.playground */,
				8DF747EC22605CF3004F455A /* Mini-Max Sum.playground */,
				8DF747ED22605D2A004F455A /* Birthday Cake Candles.playground */,
				8DF747F522609D69004F455A /* Time Conversion.playground */,
				8DB07A622261AAEC00179156 /* Grading Students.playground */,
				8DB07A632261AD9D00179156 /* Apple and Orange.playground */,
				8DB07A642261AF1100179156 /* Kangaroo.playground */,
				8DB07A652261C7F200179156 /* Between Two Sets.playground */,
				33B8159D226727310047C820 /* Drawing Book.playground */,
				CE4A1E302293AA2B00DFCF33 /* Breaking the Records.playground */,
				CE4A1E312293ACAC00DFCF33 /* Birthday Chocolate.playground */,
				3393B1F322A0A48800225FA5 /* Divisible Sum Pairs.playground */,
			);
			path = "Problem Solving";
			sourceTree = "<group>";
		};
/* End PBXGroup section */

/* Begin PBXNativeTarget section */
		8DF747D3225DBB14004F455A /* HackerRank */ = {
			isa = PBXNativeTarget;
			buildConfigurationList = 8DF747DB225DBB14004F455A /* Build configuration list for PBXNativeTarget "HackerRank" */;
			buildPhases = (
				8DF747D0225DBB14004F455A /* Sources */,
				8DF747D1225DBB14004F455A /* Frameworks */,
				8DF747D2225DBB14004F455A /* CopyFiles */,
			);
			buildRules = (
			);
			dependencies = (
			);
			name = HackerRank;
			productName = HackerRank;
			productReference = 8DF747D4225DBB14004F455A /* HackerRank */;
			productType = "com.apple.product-type.tool";
		};
/* End PBXNativeTarget section */

/* Begin PBXProject section */
		8DF747CC225DBB14004F455A /* Project object */ = {
			isa = PBXProject;
			attributes = {
				LastSwiftUpdateCheck = 1020;
				LastUpgradeCheck = 1020;
				ORGANIZATIONNAME = "SeokWoo Lee";
				TargetAttributes = {
					8DF747D3225DBB14004F455A = {
						CreatedOnToolsVersion = 10.2;
						LastSwiftMigration = 1020;
					};
				};
			};
			buildConfigurationList = 8DF747CF225DBB14004F455A /* Build configuration list for PBXProject "HackerRank" */;
			compatibilityVersion = "Xcode 9.3";
			developmentRegion = en;
			hasScannedForEncodings = 0;
			knownRegions = (
				en,
			);
			mainGroup = 8DF747CB225DBB14004F455A;
			productRefGroup = 8DF747D5225DBB14004F455A /* Products */;
			projectDirPath = "";
			projectRoot = "";
			targets = (
				8DF747D3225DBB14004F455A /* HackerRank */,
			);
		};
/* End PBXProject section */

/* Begin PBXSourcesBuildPhase section */
		8DF747D0225DBB14004F455A /* Sources */ = {
			isa = PBXSourcesBuildPhase;
			buildActionMask = 2147483647;
			files = (
				8DB07A7A226A248E00179156 /* Day 13: Abstract Classes.cpp in Sources */,
				3393B1F722A0AD6E00225FA5 /* "Hello World!" in C.c in Sources */,
				8DF8EEB32270B98A002E2FF8 /* Day 19: Interfaces.cpp in Sources */,
				3388133A229F6211002E7A1F /* Day 27: Testing.cpp in Sources */,
				8DF747D8225DBB14004F455A /* main.swift in Sources */,
				8DB07A6B2262040C00179156 /* Math.swift in Sources */,
			);
			runOnlyForDeploymentPostprocessing = 0;
		};
/* End PBXSourcesBuildPhase section */

/* Begin XCBuildConfiguration section */
		8DF747D9225DBB14004F455A /* Debug */ = {
			isa = XCBuildConfiguration;
			buildSettings = {
				ALWAYS_SEARCH_USER_PATHS = NO;
				CLANG_ANALYZER_NONNULL = YES;
				CLANG_ANALYZER_NUMBER_OBJECT_CONVERSION = YES_AGGRESSIVE;
				CLANG_CXX_LANGUAGE_STANDARD = "gnu++14";
				CLANG_CXX_LIBRARY = "libc++";
				CLANG_ENABLE_MODULES = YES;
				CLANG_ENABLE_OBJC_ARC = YES;
				CLANG_ENABLE_OBJC_WEAK = YES;
				CLANG_WARN_BLOCK_CAPTURE_AUTORELEASING = YES;
				CLANG_WARN_BOOL_CONVERSION = YES;
				CLANG_WARN_COMMA = YES;
				CLANG_WARN_CONSTANT_CONVERSION = YES;
				CLANG_WARN_DEPRECATED_OBJC_IMPLEMENTATIONS = YES;
				CLANG_WARN_DIRECT_OBJC_ISA_USAGE = YES_ERROR;
				CLANG_WARN_DOCUMENTATION_COMMENTS = YES;
				CLANG_WARN_EMPTY_BODY = YES;
				CLANG_WARN_ENUM_CONVERSION = YES;
				CLANG_WARN_INFINITE_RECURSION = YES;
				CLANG_WARN_INT_CONVERSION = YES;
				CLANG_WARN_NON_LITERAL_NULL_CONVERSION = YES;
				CLANG_WARN_OBJC_IMPLICIT_RETAIN_SELF = YES;
				CLANG_WARN_OBJC_LITERAL_CONVERSION = YES;
				CLANG_WARN_OBJC_ROOT_CLASS = YES_ERROR;
				CLANG_WARN_RANGE_LOOP_ANALYSIS = YES;
				CLANG_WARN_STRICT_PROTOTYPES = YES;
				CLANG_WARN_SUSPICIOUS_MOVE = YES;
				CLANG_WARN_UNGUARDED_AVAILABILITY = YES_AGGRESSIVE;
				CLANG_WARN_UNREACHABLE_CODE = YES;
				CLANG_WARN__DUPLICATE_METHOD_MATCH = YES;
				CODE_SIGN_IDENTITY = "Mac Developer";
				COPY_PHASE_STRIP = NO;
				DEBUG_INFORMATION_FORMAT = dwarf;
				ENABLE_STRICT_OBJC_MSGSEND = YES;
				ENABLE_TESTABILITY = YES;
				GCC_C_LANGUAGE_STANDARD = gnu11;
				GCC_DYNAMIC_NO_PIC = NO;
				GCC_NO_COMMON_BLOCKS = YES;
				GCC_OPTIMIZATION_LEVEL = 0;
				GCC_PREPROCESSOR_DEFINITIONS = (
					"DEBUG=1",
					"$(inherited)",
				);
				GCC_WARN_64_TO_32_BIT_CONVERSION = YES;
				GCC_WARN_ABOUT_RETURN_TYPE = YES_ERROR;
				GCC_WARN_UNDECLARED_SELECTOR = YES;
				GCC_WARN_UNINITIALIZED_AUTOS = YES_AGGRESSIVE;
				GCC_WARN_UNUSED_FUNCTION = YES;
				GCC_WARN_UNUSED_VARIABLE = YES;
				MACOSX_DEPLOYMENT_TARGET = 10.14;
				MTL_ENABLE_DEBUG_INFO = INCLUDE_SOURCE;
				MTL_FAST_MATH = YES;
				ONLY_ACTIVE_ARCH = YES;
				SDKROOT = macosx;
				SWIFT_ACTIVE_COMPILATION_CONDITIONS = DEBUG;
				SWIFT_OPTIMIZATION_LEVEL = "-Onone";
			};
			name = Debug;
		};
		8DF747DA225DBB14004F455A /* Release */ = {
			isa = XCBuildConfiguration;
			buildSettings = {
				ALWAYS_SEARCH_USER_PATHS = NO;
				CLANG_ANALYZER_NONNULL = YES;
				CLANG_ANALYZER_NUMBER_OBJECT_CONVERSION = YES_AGGRESSIVE;
				CLANG_CXX_LANGUAGE_STANDARD = "gnu++14";
				CLANG_CXX_LIBRARY = "libc++";
				CLANG_ENABLE_MODULES = YES;
				CLANG_ENABLE_OBJC_ARC = YES;
				CLANG_ENABLE_OBJC_WEAK = YES;
				CLANG_WARN_BLOCK_CAPTURE_AUTORELEASING = YES;
				CLANG_WARN_BOOL_CONVERSION = YES;
				CLANG_WARN_COMMA = YES;
				CLANG_WARN_CONSTANT_CONVERSION = YES;
				CLANG_WARN_DEPRECATED_OBJC_IMPLEMENTATIONS = YES;
				CLANG_WARN_DIRECT_OBJC_ISA_USAGE = YES_ERROR;
				CLANG_WARN_DOCUMENTATION_COMMENTS = YES;
				CLANG_WARN_EMPTY_BODY = YES;
				CLANG_WARN_ENUM_CONVERSION = YES;
				CLANG_WARN_INFINITE_RECURSION = YES;
				CLANG_WARN_INT_CONVERSION = YES;
				CLANG_WARN_NON_LITERAL_NULL_CONVERSION = YES;
				CLANG_WARN_OBJC_IMPLICIT_RETAIN_SELF = YES;
				CLANG_WARN_OBJC_LITERAL_CONVERSION = YES;
				CLANG_WARN_OBJC_ROOT_CLASS = YES_ERROR;
				CLANG_WARN_RANGE_LOOP_ANALYSIS = YES;
				CLANG_WARN_STRICT_PROTOTYPES = YES;
				CLANG_WARN_SUSPICIOUS_MOVE = YES;
				CLANG_WARN_UNGUARDED_AVAILABILITY = YES_AGGRESSIVE;
				CLANG_WARN_UNREACHABLE_CODE = YES;
				CLANG_WARN__DUPLICATE_METHOD_MATCH = YES;
				CODE_SIGN_IDENTITY = "Mac Developer";
				COPY_PHASE_STRIP = NO;
				DEBUG_INFORMATION_FORMAT = "dwarf-with-dsym";
				ENABLE_NS_ASSERTIONS = NO;
				ENABLE_STRICT_OBJC_MSGSEND = YES;
				GCC_C_LANGUAGE_STANDARD = gnu11;
				GCC_NO_COMMON_BLOCKS = YES;
				GCC_WARN_64_TO_32_BIT_CONVERSION = YES;
				GCC_WARN_ABOUT_RETURN_TYPE = YES_ERROR;
				GCC_WARN_UNDECLARED_SELECTOR = YES;
				GCC_WARN_UNINITIALIZED_AUTOS = YES_AGGRESSIVE;
				GCC_WARN_UNUSED_FUNCTION = YES;
				GCC_WARN_UNUSED_VARIABLE = YES;
				MACOSX_DEPLOYMENT_TARGET = 10.14;
				MTL_ENABLE_DEBUG_INFO = NO;
				MTL_FAST_MATH = YES;
				SDKROOT = macosx;
				SWIFT_COMPILATION_MODE = wholemodule;
				SWIFT_OPTIMIZATION_LEVEL = "-O";
			};
			name = Release;
		};
		8DF747DC225DBB14004F455A /* Debug */ = {
			isa = XCBuildConfiguration;
			buildSettings = {
				CLANG_ENABLE_MODULES = YES;
				CODE_SIGN_STYLE = Automatic;
				DEVELOPMENT_TEAM = SUZFY35983;
				LD_RUNPATH_SEARCH_PATHS = (
					"$(inherited)",
					"@executable_path/../Frameworks",
					"@loader_path/../Frameworks",
				);
				PRODUCT_NAME = "$(TARGET_NAME)";
				SWIFT_OPTIMIZATION_LEVEL = "-Onone";
				SWIFT_VERSION = 5.0;
			};
			name = Debug;
		};
		8DF747DD225DBB14004F455A /* Release */ = {
			isa = XCBuildConfiguration;
			buildSettings = {
				CLANG_ENABLE_MODULES = YES;
				CODE_SIGN_STYLE = Automatic;
				DEVELOPMENT_TEAM = SUZFY35983;
				LD_RUNPATH_SEARCH_PATHS = (
					"$(inherited)",
					"@executable_path/../Frameworks",
					"@loader_path/../Frameworks",
				);
				PRODUCT_NAME = "$(TARGET_NAME)";
				SWIFT_VERSION = 5.0;
			};
			name = Release;
		};
/* End XCBuildConfiguration section */

/* Begin XCConfigurationList section */
		8DF747CF225DBB14004F455A /* Build configuration list for PBXProject "HackerRank" */ = {
			isa = XCConfigurationList;
			buildConfigurations = (
				8DF747D9225DBB14004F455A /* Debug */,
				8DF747DA225DBB14004F455A /* Release */,
			);
			defaultConfigurationIsVisible = 0;
			defaultConfigurationName = Release;
		};
		8DF747DB225DBB14004F455A /* Build configuration list for PBXNativeTarget "HackerRank" */ = {
			isa = XCConfigurationList;
			buildConfigurations = (
				8DF747DC225DBB14004F455A /* Debug */,
				8DF747DD225DBB14004F455A /* Release */,
			);
			defaultConfigurationIsVisible = 0;
			defaultConfigurationName = Release;
		};
/* End XCConfigurationList section */
	};
	rootObject = 8DF747CC225DBB14004F455A /* Project object */;
}
